
Microsoft Visual Studio Solution File, Format Version 12.00
# Visual Studio 2012
Project("{FAE04EC0-301F-11D3-BF4B-00C04F79EFBC}") = "Library_Csharp_Reference", "Library_Csharp_Reference\Library_Csharp_Reference.csproj", "{D600331C-105F-4DEF-9BAD-4212014439EA}"
EndProject
Project("{FAE04EC0-301F-11D3-BF4B-00C04F79EFBC}") = "BasicTypes", "BasicTypes\BasicTypes.csproj", "{EF4932E8-1244-4047-87F0-3B0D3AC3578A}"
EndProject
Project("{FAE04EC0-301F-11D3-BF4B-00C04F79EFBC}") = "Music_ImperialMarch", "Music_ImperialMarch\Music_ImperialMarch.csproj", "{51AED270-C68C-4DA5-970B-9C9885B905C2}"
EndProject
Project("{FAE04EC0-301F-11D3-BF4B-00C04F79EFBC}") = "Arithmetic", "Arithmatic\Arithmetic.csproj", "{A1A17A2C-D950-4584-90C4-CA2B5D1D43AB}"
EndProject
Project("{FAE04EC0-301F-11D3-BF4B-00C04F79EFBC}") = "Collections and Enumerables", "Collections and Enumerables\Collections and Enumerables.csproj", "{4069A17C-AADB-43DA-B14A-49ECA6636452}"
EndProject
Project("{FAE04EC0-301F-11D3-BF4B-00C04F79EFBC}") = "ArrayEnumFunction", "ArrayEnumFunction\ArrayEnumFunction.csproj", "{93C7977F-E1F7-4A3E-83FE-F375DAD6CB5A}"
EndProject
Project("{FAE04EC0-301F-11D3-BF4B-00C04F79EFBC}") = "FizzBuzz_Exercises", "FizzBuzz_Exercises\FizzBuzz_Exercises.csproj", "{A81ED7D6-6061-47AF-89AC-49E8CC84926F}"
EndProject
Project("{FAE04EC0-301F-11D3-BF4B-00C04F79EFBC}") = "RoughAnimation", "RoughAnimation\RoughAnimation.csproj", "{FB1D689E-B6FE-4E7D-9A4C-A5C6A23EA251}"
EndProject
Project("{FAE04EC0-301F-11D3-BF4B-00C04F79EFBC}") = "RoughAnimation2", "RoughAnimation2\RoughAnimation2.csproj", "{DF829B12-FC59-4533-A38D-FEADF5B7A7E3}"
EndProject
Project("{FAE04EC0-301F-11D3-BF4B-00C04F79EFBC}") = "TimsCode", "TimsCode\TimsCode.csproj", "{3E092C03-3B95-4E0E-886C-4BE7AABF440D}"
EndProject
Project("{FAE04EC0-301F-11D3-BF4B-00C04F79EFBC}") = "TimsCode2", "TimsCode2\TimsCode2.csproj", "{AEBCE953-8D8D-4C9D-A7B6-F57A19B4FDFF}"
EndProject
Project("{FAE04EC0-301F-11D3-BF4B-00C04F79EFBC}") = "GetItTesting", "GetItTesting\GetItTesting.csproj", "{8C964790-AF53-4412-BEAF-89AE60A227C2}"
EndProject
Global
	GlobalSection(SolutionConfigurationPlatforms) = preSolution
		Debug|Any CPU = Debug|Any CPU
		Release|Any CPU = Release|Any CPU
	EndGlobalSection
	GlobalSection(ProjectConfigurationPlatforms) = postSolution
		{D600331C-105F-4DEF-9BAD-4212014439EA}.Debug|Any CPU.ActiveCfg = Debug|Any CPU
		{D600331C-105F-4DEF-9BAD-4212014439EA}.Debug|Any CPU.Build.0 = Debug|Any CPU
		{D600331C-105F-4DEF-9BAD-4212014439EA}.Release|Any CPU.ActiveCfg = Release|Any CPU
		{D600331C-105F-4DEF-9BAD-4212014439EA}.Release|Any CPU.Build.0 = Release|Any CPU
		{EF4932E8-1244-4047-87F0-3B0D3AC3578A}.Debug|Any CPU.ActiveCfg = Debug|Any CPU
		{EF4932E8-1244-4047-87F0-3B0D3AC3578A}.Debug|Any CPU.Build.0 = Debug|Any CPU
		{EF4932E8-1244-4047-87F0-3B0D3AC3578A}.Release|Any CPU.ActiveCfg = Release|Any CPU
		{EF4932E8-1244-4047-87F0-3B0D3AC3578A}.Release|Any CPU.Build.0 = Release|Any CPU
		{51AED270-C68C-4DA5-970B-9C9885B905C2}.Debug|Any CPU.ActiveCfg = Debug|Any CPU
		{51AED270-C68C-4DA5-970B-9C9885B905C2}.Debug|Any CPU.Build.0 = Debug|Any CPU
		{51AED270-C68C-4DA5-970B-9C9885B905C2}.Release|Any CPU.ActiveCfg = Release|Any CPU
		{51AED270-C68C-4DA5-970B-9C9885B905C2}.Release|Any CPU.Build.0 = Release|Any CPU
		{A1A17A2C-D950-4584-90C4-CA2B5D1D43AB}.Debug|Any CPU.ActiveCfg = Debug|Any CPU
		{A1A17A2C-D950-4584-90C4-CA2B5D1D43AB}.Debug|Any CPU.Build.0 = Debug|Any CPU
		{A1A17A2C-D950-4584-90C4-CA2B5D1D43AB}.Release|Any CPU.ActiveCfg = Release|Any CPU
		{A1A17A2C-D950-4584-90C4-CA2B5D1D43AB}.Release|Any CPU.Build.0 = Release|Any CPU
		{4069A17C-AADB-43DA-B14A-49ECA6636452}.Debug|Any CPU.ActiveCfg = Debug|Any CPU
		{4069A17C-AADB-43DA-B14A-49ECA6636452}.Debug|Any CPU.Build.0 = Debug|Any CPU
		{4069A17C-AADB-43DA-B14A-49ECA6636452}.Release|Any CPU.ActiveCfg = Release|Any CPU
		{4069A17C-AADB-43DA-B14A-49ECA6636452}.Release|Any CPU.Build.0 = Release|Any CPU
		{93C7977F-E1F7-4A3E-83FE-F375DAD6CB5A}.Debug|Any CPU.ActiveCfg = Debug|Any CPU
		{93C7977F-E1F7-4A3E-83FE-F375DAD6CB5A}.Debug|Any CPU.Build.0 = Debug|Any CPU
		{93C7977F-E1F7-4A3E-83FE-F375DAD6CB5A}.Release|Any CPU.ActiveCfg = Release|Any CPU
		{93C7977F-E1F7-4A3E-83FE-F375DAD6CB5A}.Release|Any CPU.Build.0 = Release|Any CPU
		{A81ED7D6-6061-47AF-89AC-49E8CC84926F}.Debug|Any CPU.ActiveCfg = Debug|Any CPU
		{A81ED7D6-6061-47AF-89AC-49E8CC84926F}.Debug|Any CPU.Build.0 = Debug|Any CPU
		{A81ED7D6-6061-47AF-89AC-49E8CC84926F}.Release|Any CPU.ActiveCfg = Release|Any CPU
		{A81ED7D6-6061-47AF-89AC-49E8CC84926F}.Release|Any CPU.Build.0 = Release|Any CPU
		{FB1D689E-B6FE-4E7D-9A4C-A5C6A23EA251}.Debug|Any CPU.ActiveCfg = Debug|Any CPU
		{FB1D689E-B6FE-4E7D-9A4C-A5C6A23EA251}.Debug|Any CPU.Build.0 = Debug|Any CPU
		{FB1D689E-B6FE-4E7D-9A4C-A5C6A23EA251}.Release|Any CPU.ActiveCfg = Release|Any CPU
		{FB1D689E-B6FE-4E7D-9A4C-A5C6A23EA251}.Release|Any CPU.Build.0 = Release|Any CPU
		{DF829B12-FC59-4533-A38D-FEADF5B7A7E3}.Debug|Any CPU.ActiveCfg = Debug|Any CPU
		{DF829B12-FC59-4533-A38D-FEADF5B7A7E3}.Debug|Any CPU.Build.0 = Debug|Any CPU
		{DF829B12-FC59-4533-A38D-FEADF5B7A7E3}.Release|Any CPU.ActiveCfg = Release|Any CPU
		{DF829B12-FC59-4533-A38D-FEADF5B7A7E3}.Release|Any CPU.Build.0 = Release|Any CPU
		{3E092C03-3B95-4E0E-886C-4BE7AABF440D}.Debug|Any CPU.ActiveCfg = Debug|Any CPU
		{3E092C03-3B95-4E0E-886C-4BE7AABF440D}.Debug|Any CPU.Build.0 = Debug|Any CPU
		{3E092C03-3B95-4E0E-886C-4BE7AABF440D}.Release|Any CPU.ActiveCfg = Release|Any CPU
		{3E092C03-3B95-4E0E-886C-4BE7AABF440D}.Release|Any CPU.Build.0 = Release|Any CPU
		{AEBCE953-8D8D-4C9D-A7B6-F57A19B4FDFF}.Debug|Any CPU.ActiveCfg = Debug|Any CPU
		{AEBCE953-8D8D-4C9D-A7B6-F57A19B4FDFF}.Debug|Any CPU.Build.0 = Debug|Any CPU
		{AEBCE953-8D8D-4C9D-A7B6-F57A19B4FDFF}.Release|Any CPU.ActiveCfg = Release|Any CPU
		{AEBCE953-8D8D-4C9D-A7B6-F57A19B4FDFF}.Release|Any CPU.Build.0 = Release|Any CPU
		{8C964790-AF53-4412-BEAF-89AE60A227C2}.Debug|Any CPU.ActiveCfg = Debug|Any CPU
		{8C964790-AF53-4412-BEAF-89AE60A227C2}.Debug|Any CPU.Build.0 = Debug|Any CPU
		{8C964790-AF53-4412-BEAF-89AE60A227C2}.Release|Any CPU.ActiveCfg = Release|Any CPU
		{8C964790-AF53-4412-BEAF-89AE60A227C2}.Release|Any CPU.Build.0 = Release|Any CPU
	EndGlobalSection
	GlobalSection(SolutionProperties) = preSolution
		HideSolutionNode = FALSE
	EndGlobalSection
EndGlobal
